
Microsoft Visual Studio Solution File, Format Version 12.00
# Visual Studio Version 17
VisualStudioVersion = 17.6.33815.320
MinimumVisualStudioVersion = 10.0.40219.1
Project("{FAE04EC0-301F-11D3-BF4B-00C04F79EFBC}") = "Aplicacion.Android", "Aplicacion\Aplicacion.Android\Aplicacion.Android.csproj", "{D51565AA-55BA-48FB-B151-67FDFEF1AAB1}"
EndProject
Project("{FAE04EC0-301F-11D3-BF4B-00C04F79EFBC}") = "Aplicacion.iOS", "Aplicacion\Aplicacion.iOS\Aplicacion.iOS.csproj", "{AF768AEB-D9ED-4515-9E0F-E787BEDA29C6}"
EndProject
Project("{FAE04EC0-301F-11D3-BF4B-00C04F79EFBC}") = "Aplicacion", "Aplicacion\Aplicacion\Aplicacion.csproj", "{3A144FD0-EDE7-4D69-992F-E5F5B5856F4B}"
EndProject
Global
	GlobalSection(SolutionConfigurationPlatforms) = preSolution
		Debug|Any CPU = Debug|Any CPU
		Debug|iPhone = Debug|iPhone
		Debug|iPhoneSimulator = Debug|iPhoneSimulator
		Release|Any CPU = Release|Any CPU
		Release|iPhone = Release|iPhone
		Release|iPhoneSimulator = Release|iPhoneSimulator
	EndGlobalSection
	GlobalSection(ProjectConfigurationPlatforms) = postSolution
		{D51565AA-55BA-48FB-B151-67FDFEF1AAB1}.Debug|Any CPU.ActiveCfg = Debug|Any CPU
		{D51565AA-55BA-48FB-B151-67FDFEF1AAB1}.Debug|Any CPU.Build.0 = Debug|Any CPU
		{D51565AA-55BA-48FB-B151-67FDFEF1AAB1}.Debug|Any CPU.Deploy.0 = Debug|Any CPU
		{D51565AA-55BA-48FB-B151-67FDFEF1AAB1}.Debug|iPhone.ActiveCfg = Debug|Any CPU
		{D51565AA-55BA-48FB-B151-67FDFEF1AAB1}.Debug|iPhone.Build.0 = Debug|Any CPU
		{D51565AA-55BA-48FB-B151-67FDFEF1AAB1}.Debug|iPhone.Deploy.0 = Debug|Any CPU
		{D51565AA-55BA-48FB-B151-67FDFEF1AAB1}.Debug|iPhoneSimulator.ActiveCfg = Debug|Any CPU
		{D51565AA-55BA-48FB-B151-67FDFEF1AAB1}.Debug|iPhoneSimulator.Build.0 = Debug|Any CPU
		{D51565AA-55BA-48FB-B151-67FDFEF1AAB1}.Debug|iPhoneSimulator.Deploy.0 = Debug|Any CPU
		{D51565AA-55BA-48FB-B151-67FDFEF1AAB1}.Release|Any CPU.ActiveCfg = Release|Any CPU
		{D51565AA-55BA-48FB-B151-67FDFEF1AAB1}.Release|Any CPU.Build.0 = Release|Any CPU
		{D51565AA-55BA-48FB-B151-67FDFEF1AAB1}.Release|Any CPU.Deploy.0 = Release|Any CPU
		{D51565AA-55BA-48FB-B151-67FDFEF1AAB1}.Release|iPhone.ActiveCfg = Release|Any CPU
		{D51565AA-55BA-48FB-B151-67FDFEF1AAB1}.Release|iPhone.Build.0 = Release|Any CPU
		{D51565AA-55BA-48FB-B151-67FDFEF1AAB1}.Release|iPhone.Deploy.0 = Release|Any CPU
		{D51565AA-55BA-48FB-B151-67FDFEF1AAB1}.Release|iPhoneSimulator.ActiveCfg = Release|Any CPU
		{D51565AA-55BA-48FB-B151-67FDFEF1AAB1}.Release|iPhoneSimulator.Build.0 = Release|Any CPU
		{D51565AA-55BA-48FB-B151-67FDFEF1AAB1}.Release|iPhoneSimulator.Deploy.0 = Release|Any CPU
		{AF768AEB-D9ED-4515-9E0F-E787BEDA29C6}.Debug|Any CPU.ActiveCfg = Debug|iPhone
		{AF768AEB-D9ED-4515-9E0F-E787BEDA29C6}.Debug|Any CPU.Build.0 = Debug|iPhone
		{AF768AEB-D9ED-4515-9E0F-E787BEDA29C6}.Debug|Any CPU.Deploy.0 = Debug|iPhone
		{AF768AEB-D9ED-4515-9E0F-E787BEDA29C6}.Debug|iPhone.ActiveCfg = Debug|iPhone
		{AF768AEB-D9ED-4515-9E0F-E787BEDA29C6}.Debug|iPhone.Build.0 = Debug|iPhone
		{AF768AEB-D9ED-4515-9E0F-E787BEDA29C6}.Debug|iPhone.Deploy.0 = Debug|iPhone
		{AF768AEB-D9ED-4515-9E0F-E787BEDA29C6}.Debug|iPhoneSimulator.ActiveCfg = Debug|iPhoneSimulator
		{AF768AEB-D9ED-4515-9E0F-E787BEDA29C6}.Debug|iPhoneSimulator.Build.0 = Debug|iPhoneSimulator
		{AF768AEB-D9ED-4515-9E0F-E787BEDA29C6}.Debug|iPhoneSimulator.Deploy.0 = Debug|iPhoneSimulator
		{AF768AEB-D9ED-4515-9E0F-E787BEDA29C6}.Release|Any CPU.ActiveCfg = Release|iPhoneSimulator
		{AF768AEB-D9ED-4515-9E0F-E787BEDA29C6}.Release|Any CPU.Build.0 = Release|iPhoneSimulator
		{AF768AEB-D9ED-4515-9E0F-E787BEDA29C6}.Release|Any CPU.Deploy.0 = Release|iPhoneSimulator
		{AF768AEB-D9ED-4515-9E0F-E787BEDA29C6}.Release|iPhone.ActiveCfg = Release|iPhone
		{AF768AEB-D9ED-4515-9E0F-E787BEDA29C6}.Release|iPhone.Build.0 = Release|iPhone
		{AF768AEB-D9ED-4515-9E0F-E787BEDA29C6}.Release|iPhone.Deploy.0 = Release|iPhone
		{AF768AEB-D9ED-4515-9E0F-E787BEDA29C6}.Release|iPhoneSimulator.ActiveCfg = Release|iPhoneSimulator
		{AF768AEB-D9ED-4515-9E0F-E787BEDA29C6}.Release|iPhoneSimulator.Build.0 = Release|iPhoneSimulator
		{AF768AEB-D9ED-4515-9E0F-E787BEDA29C6}.Release|iPhoneSimulator.Deploy.0 = Release|iPhoneSimulator
		{3A144FD0-EDE7-4D69-992F-E5F5B5856F4B}.Debug|Any CPU.ActiveCfg = Debug|Any CPU
		{3A144FD0-EDE7-4D69-992F-E5F5B5856F4B}.Debug|Any CPU.Build.0 = Debug|Any CPU
		{3A144FD0-EDE7-4D69-992F-E5F5B5856F4B}.Debug|Any CPU.Deploy.0 = Debug|Any CPU
		{3A144FD0-EDE7-4D69-992F-E5F5B5856F4B}.Debug|iPhone.ActiveCfg = Debug|Any CPU
		{3A144FD0-EDE7-4D69-992F-E5F5B5856F4B}.Debug|iPhone.Build.0 = Debug|Any CPU
		{3A144FD0-EDE7-4D69-992F-E5F5B5856F4B}.Debug|iPhone.Deploy.0 = Debug|Any CPU
		{3A144FD0-EDE7-4D69-992F-E5F5B5856F4B}.Debug|iPhoneSimulator.ActiveCfg = Debug|Any CPU
		{3A144FD0-EDE7-4D69-992F-E5F5B5856F4B}.Debug|iPhoneSimulator.Build.0 = Debug|Any CPU
		{3A144FD0-EDE7-4D69-992F-E5F5B5856F4B}.Debug|iPhoneSimulator.Deploy.0 = Debug|Any CPU
		{3A144FD0-EDE7-4D69-992F-E5F5B5856F4B}.Release|Any CPU.ActiveCfg = Release|Any CPU
		{3A144FD0-EDE7-4D69-992F-E5F5B5856F4B}.Release|Any CPU.Build.0 = Release|Any CPU
		{3A144FD0-EDE7-4D69-992F-E5F5B5856F4B}.Release|Any CPU.Deploy.0 = Release|Any CPU
		{3A144FD0-EDE7-4D69-992F-E5F5B5856F4B}.Release|iPhone.ActiveCfg = Release|Any CPU
		{3A144FD0-EDE7-4D69-992F-E5F5B5856F4B}.Release|iPhone.Build.0 = Release|Any CPU
		{3A144FD0-EDE7-4D69-992F-E5F5B5856F4B}.Release|iPhone.Deploy.0 = Release|Any CPU
		{3A144FD0-EDE7-4D69-992F-E5F5B5856F4B}.Release|iPhoneSimulator.ActiveCfg = Release|Any CPU
		{3A144FD0-EDE7-4D69-992F-E5F5B5856F4B}.Release|iPhoneSimulator.Build.0 = Release|Any CPU
		{3A144FD0-EDE7-4D69-992F-E5F5B5856F4B}.Release|iPhoneSimulator.Deploy.0 = Release|Any CPU
	EndGlobalSection
	GlobalSection(SolutionProperties) = preSolution
		HideSolutionNode = FALSE
	EndGlobalSection
	GlobalSection(ExtensibilityGlobals) = postSolution
		SolutionGuid = {502BA7A2-3766-4F2A-8AE6-D5E09B58F64B}
	EndGlobalSection
EndGlobal
